<?xml version="1.0" encoding="utf-8"?>
<Project ToolsVersion="4.0" xmlns="http://schemas.microsoft.com/developer/msbuild/2003">
  <ItemGroup>
    <Filter Include="include">
      <UniqueIdentifier>{4b09e3c0-e486-47e5-b1a2-4210d348ebe8}</UniqueIdentifier>
    </Filter>
    <Filter Include="include\utils">
      <UniqueIdentifier>{ba45249b-59fa-494a-b58f-6efdacc91afe}</UniqueIdentifier>
    </Filter>
    <Filter Include="include\layers">
      <UniqueIdentifier>{8f33bb69-117f-4f72-afd6-cfe3977f02ad}</UniqueIdentifier>
    </Filter>
    <Filter Include="src">
      <UniqueIdentifier>{c526ea65-1a3b-4db6-92ca-17d17f8b84b2}</UniqueIdentifier>
    </Filter>
    <Filter Include="src\utils">
      <UniqueIdentifier>{f291fb8d-323d-49a9-83af-4a21b85aaf55}</UniqueIdentifier>
    </Filter>
    <Filter Include="network">
      <UniqueIdentifier>{86cfbade-1ea6-40cd-a614-bd3fed48c5ab}</UniqueIdentifier>
    </Filter>
  </ItemGroup>
  <ItemGroup>
    <ClInclude Include="include\layers\argmax.hpp">
      <Filter>include\layers</Filter>
    </ClInclude>
    <ClInclude Include="include\layers\convolution.hpp">
      <Filter>include\layers</Filter>
    </ClInclude>
    <ClInclude Include="include\layers\fully_connected.hpp">
      <Filter>include\layers</Filter>
    </ClInclude>
    <ClInclude Include="include\layers\linear.hpp">
      <Filter>include\layers</Filter>
    </ClInclude>
    <ClInclude Include="include\layers\max_pooling.hpp">
      <Filter>include\layers</Filter>
    </ClInclude>
    <ClInclude Include="include\layers\normalize.hpp">
      <Filter>include\layers</Filter>
    </ClInclude>
    <ClInclude Include="include\layers\relu.hpp">
      <Filter>include\layers</Filter>
    </ClInclude>
    <ClInclude Include="include\layers\reshape.hpp">
      <Filter>include\layers</Filter>
    </ClInclude>
    <ClInclude Include="include\layers\sigmoid.hpp">
      <Filter>include\layers</Filter>
    </ClInclude>
    <ClInclude Include="include\layers\softmax.hpp">
      <Filter>include\layers</Filter>
    </ClInclude>
    <ClInclude Include="include\layers\tanh.hpp">
      <Filter>include\layers</Filter>
    </ClInclude>
    <ClInclude Include="include\utils\index.hpp">
      <Filter>include\utils</Filter>
    </ClInclude>
    <ClInclude Include="include\utils\io.hpp">
      <Filter>include\utils</Filter>
    </ClInclude>
    <ClInclude Include="include\utils\numpy.hpp">
      <Filter>include\utils</Filter>
    </ClInclude>
    <ClInclude Include="include\utils\path.hpp">
      <Filter>include\utils</Filter>
    </ClInclude>
    <ClInclude Include="include\utils\tensor.hpp">
      <Filter>include\utils</Filter>
    </ClInclude>
    <ClInclude Include="include\layers\flatten.hpp">
      <Filter>include\layers</Filter>
    </ClInclude>
    <ClInclude Include="include\utils\iceil.hpp">
      <Filter>include\utils</Filter>
    </ClInclude>
    <ClInclude Include="include\utils\timer.hpp">
      <Filter>include\utils</Filter>
    </ClInclude>
    <ClInclude Include="network\network.hpp">
      <Filter>network</Filter>
    </ClInclude>
    <ClInclude Include="include\layers\fast_convolution.hpp">
      <Filter>include\layers</Filter>
    </ClInclude>
    <ClInclude Include="include\layers\fast_fully_connected.hpp">
      <Filter>include\layers</Filter>
    </ClInclude>
  </ItemGroup>
  <ItemGroup>
    <ClCompile Include="src\utils\io.cpp">
      <Filter>src\utils</Filter>
    </ClCompile>
    <ClCompile Include="src\utils\path.cpp">
      <Filter>src\utils</Filter>
    </ClCompile>
    <ClCompile Include="src\main.cpp">
      <Filter>src</Filter>
    </ClCompile>
    <ClCompile Include="src\utils\timer.cpp">
      <Filter>src\utils</Filter>
    </ClCompile>
    <ClCompile Include="network\network.cpp">
      <Filter>network</Filter>
    </ClCompile>
  </ItemGroup>
</Project>