<?xml version="1.0" encoding="utf-8"?>
<Project ToolsVersion="4.0" xmlns="http://schemas.microsoft.com/developer/msbuild/2003">
  <ItemGroup>
    <ClCompile Include="src\utils\io.cpp">
      <Filter>src\utils</Filter>
    </ClCompile>
    <ClCompile Include="src\utils\path.cpp">
      <Filter>src\utils</Filter>
    </ClCompile>
    <ClCompile Include="src\main.cpp">
      <Filter>src</Filter>
    </ClCompile>
    <ClCompile Include="network\network.cpp">
      <Filter>network</Filter>
    </ClCompile>
    <ClCompile Include="src\utils\timer.cpp">
      <Filter>src\utils</Filter>
    </ClCompile>
  </ItemGroup>
  <ItemGroup>
    <ClInclude Include="include\layers\argmax.hpp">
      <Filter>include\layers</Filter>
    </ClInclude>
    <ClInclude Include="include\layers\convolution.hpp">
      <Filter>include\layers</Filter>
    </ClInclude>
    <ClInclude Include="include\layers\fast_convolution.hpp">
      <Filter>include\layers</Filter>
    </ClInclude>
    <ClInclude Include="include\layers\fast_fully_connected.hpp">
      <Filter>include\layers</Filter>
    </ClInclude>
    <ClInclude Include="include\layers\flatten.hpp">
      <Filter>include\layers</Filter>
    </ClInclude>
    <ClInclude Include="include\layers\fully_connected.hpp">
      <Filter>include\layers</Filter>
    </ClInclude>
    <ClInclude Include="include\layers\linear.hpp">
      <Filter>include\layers</Filter>
    </ClInclude>
    <ClInclude Include="include\utils\iceil.hpp">
      <Filter>include\utils</Filter>
    </ClInclude>
    <ClInclude Include="include\utils\index.hpp">
      <Filter>include\utils</Filter>
    </ClInclude>
    <ClInclude Include="include\utils\numpy.hpp">
      <Filter>include\utils</Filter>
    </ClInclude>
    <ClInclude Include="include\utils\path.hpp">
      <Filter>include\utils</Filter>
    </ClInclude>
    <ClInclude Include="include\utils\io.hpp">
      <Filter>include\utils</Filter>
    </ClInclude>
    <ClInclude Include="network\network.hpp">
      <Filter>network</Filter>
    </ClInclude>
    <ClInclude Include="include\layers\max_pooling.hpp">
      <Filter>include\layers</Filter>
    </ClInclude>
    <ClInclude Include="include\layers\normalize.hpp">
      <Filter>include\layers</Filter>
    </ClInclude>
    <ClInclude Include="include\layers\relu.hpp">
      <Filter>include\layers</Filter>
    </ClInclude>
    <ClInclude Include="include\layers\reshape.hpp">
      <Filter>include\layers</Filter>
    </ClInclude>
    <ClInclude Include="include\layers\sigmoid.hpp">
      <Filter>include\layers</Filter>
    </ClInclude>
    <ClInclude Include="include\layers\softmax.hpp">
      <Filter>include\layers</Filter>
    </ClInclude>
    <ClInclude Include="include\layers\tanh.hpp">
      <Filter>include\layers</Filter>
    </ClInclude>
    <ClInclude Include="include\utils\tensor.hpp">
      <Filter>include\utils</Filter>
    </ClInclude>
    <ClInclude Include="include\utils\timer.hpp">
      <Filter>include\utils</Filter>
    </ClInclude>
    <ClInclude Include="include\layers\lrn.hpp">
      <Filter>include\layers</Filter>
    </ClInclude>
    <ClInclude Include="include\layers\fast_fully_connected_.hpp">
      <Filter>include\layers</Filter>
    </ClInclude>
    <ClInclude Include="include\layers\max_pooling_indices.hpp">
      <Filter>include\layers</Filter>
    </ClInclude>
    <ClInclude Include="include\layers\unpooling.hpp">
      <Filter>include\layers</Filter>
    </ClInclude>
    <ClInclude Include="include\layers\batch_normalization.hpp">
      <Filter>include\layers</Filter>
    </ClInclude>
  </ItemGroup>
  <ItemGroup>
    <Filter Include="include">
      <UniqueIdentifier>{04a9cbab-39b4-4055-b88f-70d910c2a8c0}</UniqueIdentifier>
    </Filter>
    <Filter Include="include\layers">
      <UniqueIdentifier>{14bf4555-5b7c-4c34-9d0e-d43c1074d121}</UniqueIdentifier>
    </Filter>
    <Filter Include="src">
      <UniqueIdentifier>{c504f807-f6f0-48ae-864c-1128a4add6fb}</UniqueIdentifier>
    </Filter>
    <Filter Include="include\utils">
      <UniqueIdentifier>{971f76d7-36d3-401d-90cf-7c2416a8fe13}</UniqueIdentifier>
    </Filter>
    <Filter Include="src\utils">
      <UniqueIdentifier>{66aab8a0-b49e-435c-be86-9d4148842c3e}</UniqueIdentifier>
    </Filter>
    <Filter Include="network">
      <UniqueIdentifier>{ac2a2565-ab5e-49ad-8be3-26a5f6f7568a}</UniqueIdentifier>
    </Filter>
  </ItemGroup>
</Project>